
Microsoft Visual Studio Solution File, Format Version 12.00
# Visual Studio Version 17
VisualStudioVersion = 17.3.32804.467
MinimumVisualStudioVersion = 10.0.40219.1
Project("{FAE04EC0-301F-11D3-BF4B-00C04F79EFBC}") = "QLThuVien", "QLThuVien\QLThuVien.csproj", "{ECD19600-5CE9-46EE-91E8-47541EDAB74A}"
EndProject
Global
	GlobalSection(SolutionConfigurationPlatforms) = preSolution
		Debug|Any CPU = Debug|Any CPU
		Release|Any CPU = Release|Any CPU
	EndGlobalSection
	GlobalSection(ProjectConfigurationPlatforms) = postSolution
		{ECD19600-5CE9-46EE-91E8-47541EDAB74A}.Debug|Any CPU.ActiveCfg = Debug|Any CPU
		{ECD19600-5CE9-46EE-91E8-47541EDAB74A}.Debug|Any CPU.Build.0 = Debug|Any CPU
		{ECD19600-5CE9-46EE-91E8-47541EDAB74A}.Release|Any CPU.ActiveCfg = Release|Any CPU
		{ECD19600-5CE9-46EE-91E8-47541EDAB74A}.Release|Any CPU.Build.0 = Release|Any CPU
	EndGlobalSection
	GlobalSection(SolutionProperties) = preSolution
		HideSolutionNode = FALSE
	EndGlobalSection
	GlobalSection(ExtensibilityGlobals) = postSolution
		SolutionGuid = {F91DD2D1-6872-48D7-836C-527C18A2AA26}
	EndGlobalSection
EndGlobal
